// !$*UTF8*$!
{
	archiveVersion = 1;
	classes = {
	};
	objectVersion = 56;
	objects = {

/* Begin PBXBuildFile section */
		0A3A56BF5BF50B82839E88B3 /* Pods_Telda.framework in Frameworks */ = {isa = PBXBuildFile; fileRef = 0D018356D3FDD3F278954C63 /* Pods_Telda.framework */; };
		6F08A2092BC0348E00CFC08A /* HomePageVC.swift in Sources */ = {isa = PBXBuildFile; fileRef = 6F08A2082BC0348E00CFC08A /* HomePageVC.swift */; };
		6F08A20B2BC03CF100CFC08A /* SpacesVC.swift in Sources */ = {isa = PBXBuildFile; fileRef = 6F08A20A2BC03CF100CFC08A /* SpacesVC.swift */; };
		6F08A20D2BC03D0700CFC08A /* TransactionVC.swift in Sources */ = {isa = PBXBuildFile; fileRef = 6F08A20C2BC03D0700CFC08A /* TransactionVC.swift */; };
		6F08A20F2BC03D1400CFC08A /* CardVC.swift in Sources */ = {isa = PBXBuildFile; fileRef = 6F08A20E2BC03D1400CFC08A /* CardVC.swift */; };
		6F08A2112BC03D2200CFC08A /* MoreVC.swift in Sources */ = {isa = PBXBuildFile; fileRef = 6F08A2102BC03D2200CFC08A /* MoreVC.swift */; };
		6F08A2152BC03F1E00CFC08A /* AddSendInsightCell.swift in Sources */ = {isa = PBXBuildFile; fileRef = 6F08A2132BC03F1E00CFC08A /* AddSendInsightCell.swift */; };
		6F08A2162BC03F1E00CFC08A /* AddSendInsightCell.xib in Resources */ = {isa = PBXBuildFile; fileRef = 6F08A2142BC03F1E00CFC08A /* AddSendInsightCell.xib */; };
		6F13BDCF2BCE8A5800FDB311 /* CardCells.swift in Sources */ = {isa = PBXBuildFile; fileRef = 6F13BDCD2BCE8A5800FDB311 /* CardCells.swift */; };
		6F13BDD02BCE8A5800FDB311 /* LockCard.xib in Resources */ = {isa = PBXBuildFile; fileRef = 6F13BDCE2BCE8A5800FDB311 /* LockCard.xib */; };
		6F13BDD22BCE8E8A00FDB311 /* ResetPin.xib in Resources */ = {isa = PBXBuildFile; fileRef = 6F13BDD12BCE8E8A00FDB311 /* ResetPin.xib */; };
		6F13BDD42BCE967400FDB311 /* GetNewCard.xib in Resources */ = {isa = PBXBuildFile; fileRef = 6F13BDD32BCE967400FDB311 /* GetNewCard.xib */; };
		6F13BDD82BCE9CDA00FDB311 /* UpgradeCardVC.swift in Sources */ = {isa = PBXBuildFile; fileRef = 6F13BDD72BCE9CDA00FDB311 /* UpgradeCardVC.swift */; };
		6F13BDDA2BCEA04500FDB311 /* ResetPinVC.swift in Sources */ = {isa = PBXBuildFile; fileRef = 6F13BDD92BCEA04500FDB311 /* ResetPinVC.swift */; };
		6F13BDDC2BCEA05800FDB311 /* GetNewCardVC.swift in Sources */ = {isa = PBXBuildFile; fileRef = 6F13BDDB2BCEA05800FDB311 /* GetNewCardVC.swift */; };
		6F13BDDE2BCEA0F700FDB311 /* LockCardVC.swift in Sources */ = {isa = PBXBuildFile; fileRef = 6F13BDDD2BCEA0F700FDB311 /* LockCardVC.swift */; };
		6F227C2B2BD0478500FF6C37 /* MoreHeader.xib in Resources */ = {isa = PBXBuildFile; fileRef = 6F227C2A2BD0478500FF6C37 /* MoreHeader.xib */; };
		6F227C2C2BD0478500FF6C37 /* MoreHeader.swift in Sources */ = {isa = PBXBuildFile; fileRef = 6F227C292BD0478500FF6C37 /* MoreHeader.swift */; };
		6F23B2CA2BC444BA00BD3458 /* AddMoneyVC.swift in Sources */ = {isa = PBXBuildFile; fileRef = 6F23B2C82BC444BA00BD3458 /* AddMoneyVC.swift */; };
		6F23B2CF2BC4450900BD3458 /* InsightVC.swift in Sources */ = {isa = PBXBuildFile; fileRef = 6F23B2CE2BC4450900BD3458 /* InsightVC.swift */; };
		6F23B2D12BC4478500BD3458 /* Secondary.storyboard in Resources */ = {isa = PBXBuildFile; fileRef = 6F23B2D02BC4478500BD3458 /* Secondary.storyboard */; };
		6F23B2D52BC6CDD900BD3458 /* HomePageCell.swift in Sources */ = {isa = PBXBuildFile; fileRef = 6F23B2D32BC6CDD900BD3458 /* HomePageCell.swift */; };
		6F23B2D62BC6CDD900BD3458 /* HomePageCell.xib in Resources */ = {isa = PBXBuildFile; fileRef = 6F23B2D42BC6CDD900BD3458 /* HomePageCell.xib */; };
		6F23B2DA2BC6F9A900BD3458 /* TransactionDetailsVC.swift in Sources */ = {isa = PBXBuildFile; fileRef = 6F23B2D92BC6F9A900BD3458 /* TransactionDetailsVC.swift */; };
		6F3F06CD2BC83E9B00AAC6C7 /* SpacesCollectionCell.swift in Sources */ = {isa = PBXBuildFile; fileRef = 6F3F06CB2BC83E9B00AAC6C7 /* SpacesCollectionCell.swift */; };
		6F3F06CE2BC83E9B00AAC6C7 /* SpaceAddCollectionCell.xib in Resources */ = {isa = PBXBuildFile; fileRef = 6F3F06CC2BC83E9B00AAC6C7 /* SpaceAddCollectionCell.xib */; };
		6F80E5DC2BC05212006BCD24 /* UserProfileVC.swift in Sources */ = {isa = PBXBuildFile; fileRef = 6F80E5DB2BC05212006BCD24 /* UserProfileVC.swift */; };
		6F80E5E72BC431D7006BCD24 /* BlurText.swift in Sources */ = {isa = PBXBuildFile; fileRef = 6F80E5E62BC431D7006BCD24 /* BlurText.swift */; };
		6F8EB2AD2BD05005002D108A /* GiftDetailsVC.swift in Sources */ = {isa = PBXBuildFile; fileRef = 6F8EB2AC2BD05005002D108A /* GiftDetailsVC.swift */; };
		6F8EB2B12BD17FC6002D108A /* ProfileDetailsCollectionCell.swift in Sources */ = {isa = PBXBuildFile; fileRef = 6F8EB2AF2BD17FC6002D108A /* ProfileDetailsCollectionCell.swift */; };
		6F8EB2B22BD17FC6002D108A /* ProfileDetailsCollectionCell.xib in Resources */ = {isa = PBXBuildFile; fileRef = 6F8EB2B02BD17FC6002D108A /* ProfileDetailsCollectionCell.xib */; };
		6F8EB2B62BD186F1002D108A /* ProfilePlanAndEarnCollectionCell.swift in Sources */ = {isa = PBXBuildFile; fileRef = 6F8EB2B42BD186F1002D108A /* ProfilePlanAndEarnCollectionCell.swift */; };
		6F8EB2B72BD186F1002D108A /* ProfilePlanAndEarnCollectionCell.xib in Resources */ = {isa = PBXBuildFile; fileRef = 6F8EB2B52BD186F1002D108A /* ProfilePlanAndEarnCollectionCell.xib */; };
		6F8EB2BA2BD192EA002D108A /* PremuimCardCellForCollection.swift in Sources */ = {isa = PBXBuildFile; fileRef = 6F8EB2B82BD192EA002D108A /* PremuimCardCellForCollection.swift */; };
		6F8EB2BB2BD192EA002D108A /* PremuimCardCellForCollection.xib in Resources */ = {isa = PBXBuildFile; fileRef = 6F8EB2B92BD192EA002D108A /* PremuimCardCellForCollection.xib */; };
		6F8EB2C02BD199F8002D108A /* ProfileHeader.swift in Sources */ = {isa = PBXBuildFile; fileRef = 6F8EB2BE2BD199F8002D108A /* ProfileHeader.swift */; };
		6F8EB2C12BD199F8002D108A /* ProfileHeader.xib in Resources */ = {isa = PBXBuildFile; fileRef = 6F8EB2BF2BD199F8002D108A /* ProfileHeader.xib */; };
		6F8EB2C52BD19E8C002D108A /* ProfileUsageAndManageCell.swift in Sources */ = {isa = PBXBuildFile; fileRef = 6F8EB2C32BD19E8C002D108A /* ProfileUsageAndManageCell.swift */; };
		6F8EB2C62BD19E8C002D108A /* ProfileUsageAndManageCell.xib in Resources */ = {isa = PBXBuildFile; fileRef = 6F8EB2C42BD19E8C002D108A /* ProfileUsageAndManageCell.xib */; };
		6FABD5C42BC9A2130009FB09 /* SpaceAddCollectionCell.swift in Sources */ = {isa = PBXBuildFile; fileRef = 6FABD5C22BC9A2130009FB09 /* SpaceAddCollectionCell.swift */; };
		6FABD5C52BC9A2130009FB09 /* SpacesCollectionCell.xib in Resources */ = {isa = PBXBuildFile; fileRef = 6FABD5C32BC9A2130009FB09 /* SpacesCollectionCell.xib */; };
		6FABD5C72BC9AA8A0009FB09 /* WhatIsYourGoalVC.swift in Sources */ = {isa = PBXBuildFile; fileRef = 6FABD5C62BC9AA8A0009FB09 /* WhatIsYourGoalVC.swift */; };
		6FBA02382BD0258200E7409D /* MoreCollectionViewCells.xib in Resources */ = {isa = PBXBuildFile; fileRef = 6FBA02372BD0258200E7409D /* MoreCollectionViewCells.xib */; };
		6FBA02392BD0258200E7409D /* MoreCollectionViewCells.swift in Sources */ = {isa = PBXBuildFile; fileRef = 6FBA02362BD0258200E7409D /* MoreCollectionViewCells.swift */; };
		6FCAAE2E2BCB069E00DF1B90 /* RequestMoneyVC.swift in Sources */ = {isa = PBXBuildFile; fileRef = 6FCAAE2D2BCB069E00DF1B90 /* RequestMoneyVC.swift */; };
		6FCAAE302BCB06AF00DF1B90 /* SendMoneyVC.swift in Sources */ = {isa = PBXBuildFile; fileRef = 6FCAAE2F2BCB06AF00DF1B90 /* SendMoneyVC.swift */; };
		6FCAAE342BCE74EB00DF1B90 /* PremuimCardCell.swift in Sources */ = {isa = PBXBuildFile; fileRef = 6FCAAE322BCE74EB00DF1B90 /* PremuimCardCell.swift */; };
		6FCAAE352BCE74EB00DF1B90 /* PremuimCardCell.xib in Resources */ = {isa = PBXBuildFile; fileRef = 6FCAAE332BCE74EB00DF1B90 /* PremuimCardCell.xib */; };
		6FD1C6402BD2249A009B9FED /* Third.storyboard in Resources */ = {isa = PBXBuildFile; fileRef = 6FD1C63F2BD2249A009B9FED /* Third.storyboard */; };
		6FD1C6422BD224EC009B9FED /* SettingsVC.swift in Sources */ = {isa = PBXBuildFile; fileRef = 6FD1C6412BD224EC009B9FED /* SettingsVC.swift */; };
		6FD1C6442BD22E5E009B9FED /* LimitsVC.swift in Sources */ = {isa = PBXBuildFile; fileRef = 6FD1C6432BD22E5E009B9FED /* LimitsVC.swift */; };
		6FD1C6462BD22E6C009B9FED /* FeesVC.swift in Sources */ = {isa = PBXBuildFile; fileRef = 6FD1C6452BD22E6C009B9FED /* FeesVC.swift */; };
		6FD1C6482BD22E7D009B9FED /* AppAppearanceVC.swift in Sources */ = {isa = PBXBuildFile; fileRef = 6FD1C6472BD22E7D009B9FED /* AppAppearanceVC.swift */; };
		6FD1C64C2BD233E1009B9FED /* ChatWithUsVC.swift in Sources */ = {isa = PBXBuildFile; fileRef = 6FD1C64B2BD233E1009B9FED /* ChatWithUsVC.swift */; };
		6FD1C64E2BD23502009B9FED /* StandardVC.swift in Sources */ = {isa = PBXBuildFile; fileRef = 6FD1C64D2BD23502009B9FED /* StandardVC.swift */; };
		6FD1C6502BD23510009B9FED /* InviteFriendsVC.swift in Sources */ = {isa = PBXBuildFile; fileRef = 6FD1C64F2BD23510009B9FED /* InviteFriendsVC.swift */; };
		6FE1203B2BC022B2009C6EE4 /* AppDelegate.swift in Sources */ = {isa = PBXBuildFile; fileRef = 6FE1203A2BC022B2009C6EE4 /* AppDelegate.swift */; };
		6FE1203D2BC022B2009C6EE4 /* SceneDelegate.swift in Sources */ = {isa = PBXBuildFile; fileRef = 6FE1203C2BC022B2009C6EE4 /* SceneDelegate.swift */; };
		6FE120422BC022B2009C6EE4 /* Base in Resources */ = {isa = PBXBuildFile; fileRef = 6FE120412BC022B2009C6EE4 /* Base */; };
		6FE120442BC022B4009C6EE4 /* Assets.xcassets in Resources */ = {isa = PBXBuildFile; fileRef = 6FE120432BC022B4009C6EE4 /* Assets.xcassets */; };
		6FE120472BC022B4009C6EE4 /* Base in Resources */ = {isa = PBXBuildFile; fileRef = 6FE120462BC022B4009C6EE4 /* Base */; };
/* End PBXBuildFile section */

/* Begin PBXFileReference section */
		0D018356D3FDD3F278954C63 /* Pods_Telda.framework */ = {isa = PBXFileReference; explicitFileType = wrapper.framework; includeInIndex = 0; path = Pods_Telda.framework; sourceTree = BUILT_PRODUCTS_DIR; };
		46ABA392EE074F6AE4470418 /* Pods-Telda.release.xcconfig */ = {isa = PBXFileReference; includeInIndex = 1; lastKnownFileType = text.xcconfig; name = "Pods-Telda.release.xcconfig"; path = "Target Support Files/Pods-Telda/Pods-Telda.release.xcconfig"; sourceTree = "<group>"; };
		6F08A2082BC0348E00CFC08A /* HomePageVC.swift */ = {isa = PBXFileReference; lastKnownFileType = sourcecode.swift; path = HomePageVC.swift; sourceTree = "<group>"; };
		6F08A20A2BC03CF100CFC08A /* SpacesVC.swift */ = {isa = PBXFileReference; lastKnownFileType = sourcecode.swift; path = SpacesVC.swift; sourceTree = "<group>"; };
		6F08A20C2BC03D0700CFC08A /* TransactionVC.swift */ = {isa = PBXFileReference; lastKnownFileType = sourcecode.swift; path = TransactionVC.swift; sourceTree = "<group>"; };
		6F08A20E2BC03D1400CFC08A /* CardVC.swift */ = {isa = PBXFileReference; lastKnownFileType = sourcecode.swift; path = CardVC.swift; sourceTree = "<group>"; };
		6F08A2102BC03D2200CFC08A /* MoreVC.swift */ = {isa = PBXFileReference; lastKnownFileType = sourcecode.swift; path = MoreVC.swift; sourceTree = "<group>"; };
		6F08A2132BC03F1E00CFC08A /* AddSendInsightCell.swift */ = {isa = PBXFileReference; lastKnownFileType = sourcecode.swift; path = AddSendInsightCell.swift; sourceTree = "<group>"; };
		6F08A2142BC03F1E00CFC08A /* AddSendInsightCell.xib */ = {isa = PBXFileReference; lastKnownFileType = file.xib; path = AddSendInsightCell.xib; sourceTree = "<group>"; };
		6F13BDCD2BCE8A5800FDB311 /* CardCells.swift */ = {isa = PBXFileReference; lastKnownFileType = sourcecode.swift; path = CardCells.swift; sourceTree = "<group>"; };
		6F13BDCE2BCE8A5800FDB311 /* LockCard.xib */ = {isa = PBXFileReference; lastKnownFileType = file.xib; path = LockCard.xib; sourceTree = "<group>"; };
		6F13BDD12BCE8E8A00FDB311 /* ResetPin.xib */ = {isa = PBXFileReference; lastKnownFileType = file.xib; path = ResetPin.xib; sourceTree = "<group>"; };
		6F13BDD32BCE967400FDB311 /* GetNewCard.xib */ = {isa = PBXFileReference; lastKnownFileType = file.xib; path = GetNewCard.xib; sourceTree = "<group>"; };
		6F13BDD72BCE9CDA00FDB311 /* UpgradeCardVC.swift */ = {isa = PBXFileReference; lastKnownFileType = sourcecode.swift; path = UpgradeCardVC.swift; sourceTree = "<group>"; };
		6F13BDD92BCEA04500FDB311 /* ResetPinVC.swift */ = {isa = PBXFileReference; lastKnownFileType = sourcecode.swift; path = ResetPinVC.swift; sourceTree = "<group>"; };
		6F13BDDB2BCEA05800FDB311 /* GetNewCardVC.swift */ = {isa = PBXFileReference; lastKnownFileType = sourcecode.swift; path = GetNewCardVC.swift; sourceTree = "<group>"; };
		6F13BDDD2BCEA0F700FDB311 /* LockCardVC.swift */ = {isa = PBXFileReference; lastKnownFileType = sourcecode.swift; path = LockCardVC.swift; sourceTree = "<group>"; };
		6F227C292BD0478500FF6C37 /* MoreHeader.swift */ = {isa = PBXFileReference; lastKnownFileType = sourcecode.swift; path = MoreHeader.swift; sourceTree = "<group>"; };
		6F227C2A2BD0478500FF6C37 /* MoreHeader.xib */ = {isa = PBXFileReference; lastKnownFileType = file.xib; path = MoreHeader.xib; sourceTree = "<group>"; };
		6F23B2C52BC437BC00BD3458 /* Telda.app */ = {isa = PBXFileReference; explicitFileType = wrapper.application; includeInIndex = 0; path = Telda.app; sourceTree = BUILT_PRODUCTS_DIR; };
		6F23B2C82BC444BA00BD3458 /* AddMoneyVC.swift */ = {isa = PBXFileReference; lastKnownFileType = sourcecode.swift; path = AddMoneyVC.swift; sourceTree = "<group>"; };
		6F23B2CE2BC4450900BD3458 /* InsightVC.swift */ = {isa = PBXFileReference; lastKnownFileType = sourcecode.swift; path = InsightVC.swift; sourceTree = "<group>"; };
		6F23B2D02BC4478500BD3458 /* Secondary.storyboard */ = {isa = PBXFileReference; lastKnownFileType = file.storyboard; path = Secondary.storyboard; sourceTree = "<group>"; };
		6F23B2D32BC6CDD900BD3458 /* HomePageCell.swift */ = {isa = PBXFileReference; lastKnownFileType = sourcecode.swift; path = HomePageCell.swift; sourceTree = "<group>"; };
		6F23B2D42BC6CDD900BD3458 /* HomePageCell.xib */ = {isa = PBXFileReference; lastKnownFileType = file.xib; path = HomePageCell.xib; sourceTree = "<group>"; };
		6F23B2D92BC6F9A900BD3458 /* TransactionDetailsVC.swift */ = {isa = PBXFileReference; lastKnownFileType = sourcecode.swift; path = TransactionDetailsVC.swift; sourceTree = "<group>"; };
		6F3F06CB2BC83E9B00AAC6C7 /* SpacesCollectionCell.swift */ = {isa = PBXFileReference; lastKnownFileType = sourcecode.swift; path = SpacesCollectionCell.swift; sourceTree = "<group>"; };
		6F3F06CC2BC83E9B00AAC6C7 /* SpaceAddCollectionCell.xib */ = {isa = PBXFileReference; lastKnownFileType = file.xib; path = SpaceAddCollectionCell.xib; sourceTree = "<group>"; };
		6F80E5DB2BC05212006BCD24 /* UserProfileVC.swift */ = {isa = PBXFileReference; lastKnownFileType = sourcecode.swift; path = UserProfileVC.swift; sourceTree = "<group>"; };
		6F80E5E62BC431D7006BCD24 /* BlurText.swift */ = {isa = PBXFileReference; lastKnownFileType = sourcecode.swift; path = BlurText.swift; sourceTree = "<group>"; };
		6F8EB2AC2BD05005002D108A /* GiftDetailsVC.swift */ = {isa = PBXFileReference; lastKnownFileType = sourcecode.swift; path = GiftDetailsVC.swift; sourceTree = "<group>"; };
		6F8EB2AF2BD17FC6002D108A /* ProfileDetailsCollectionCell.swift */ = {isa = PBXFileReference; lastKnownFileType = sourcecode.swift; path = ProfileDetailsCollectionCell.swift; sourceTree = "<group>"; };
		6F8EB2B02BD17FC6002D108A /* ProfileDetailsCollectionCell.xib */ = {isa = PBXFileReference; lastKnownFileType = file.xib; path = ProfileDetailsCollectionCell.xib; sourceTree = "<group>"; };
		6F8EB2B42BD186F1002D108A /* ProfilePlanAndEarnCollectionCell.swift */ = {isa = PBXFileReference; lastKnownFileType = sourcecode.swift; path = ProfilePlanAndEarnCollectionCell.swift; sourceTree = "<group>"; };
		6F8EB2B52BD186F1002D108A /* ProfilePlanAndEarnCollectionCell.xib */ = {isa = PBXFileReference; lastKnownFileType = file.xib; path = ProfilePlanAndEarnCollectionCell.xib; sourceTree = "<group>"; };
		6F8EB2B82BD192EA002D108A /* PremuimCardCellForCollection.swift */ = {isa = PBXFileReference; lastKnownFileType = sourcecode.swift; path = PremuimCardCellForCollection.swift; sourceTree = "<group>"; };
		6F8EB2B92BD192EA002D108A /* PremuimCardCellForCollection.xib */ = {isa = PBXFileReference; lastKnownFileType = file.xib; path = PremuimCardCellForCollection.xib; sourceTree = "<group>"; };
		6F8EB2BE2BD199F8002D108A /* ProfileHeader.swift */ = {isa = PBXFileReference; lastKnownFileType = sourcecode.swift; path = ProfileHeader.swift; sourceTree = "<group>"; };
		6F8EB2BF2BD199F8002D108A /* ProfileHeader.xib */ = {isa = PBXFileReference; lastKnownFileType = file.xib; path = ProfileHeader.xib; sourceTree = "<group>"; };
		6F8EB2C32BD19E8C002D108A /* ProfileUsageAndManageCell.swift */ = {isa = PBXFileReference; lastKnownFileType = sourcecode.swift; path = ProfileUsageAndManageCell.swift; sourceTree = "<group>"; };
		6F8EB2C42BD19E8C002D108A /* ProfileUsageAndManageCell.xib */ = {isa = PBXFileReference; lastKnownFileType = file.xib; path = ProfileUsageAndManageCell.xib; sourceTree = "<group>"; };
		6FABD5C22BC9A2130009FB09 /* SpaceAddCollectionCell.swift */ = {isa = PBXFileReference; lastKnownFileType = sourcecode.swift; path = SpaceAddCollectionCell.swift; sourceTree = "<group>"; };
		6FABD5C32BC9A2130009FB09 /* SpacesCollectionCell.xib */ = {isa = PBXFileReference; lastKnownFileType = file.xib; path = SpacesCollectionCell.xib; sourceTree = "<group>"; };
		6FABD5C62BC9AA8A0009FB09 /* WhatIsYourGoalVC.swift */ = {isa = PBXFileReference; lastKnownFileType = sourcecode.swift; path = WhatIsYourGoalVC.swift; sourceTree = "<group>"; };
		6FBA02362BD0258200E7409D /* MoreCollectionViewCells.swift */ = {isa = PBXFileReference; lastKnownFileType = sourcecode.swift; path = MoreCollectionViewCells.swift; sourceTree = "<group>"; };
		6FBA02372BD0258200E7409D /* MoreCollectionViewCells.xib */ = {isa = PBXFileReference; lastKnownFileType = file.xib; path = MoreCollectionViewCells.xib; sourceTree = "<group>"; };
		6FCAAE2D2BCB069E00DF1B90 /* RequestMoneyVC.swift */ = {isa = PBXFileReference; lastKnownFileType = sourcecode.swift; path = RequestMoneyVC.swift; sourceTree = "<group>"; };
		6FCAAE2F2BCB06AF00DF1B90 /* SendMoneyVC.swift */ = {isa = PBXFileReference; lastKnownFileType = sourcecode.swift; path = SendMoneyVC.swift; sourceTree = "<group>"; };
		6FCAAE322BCE74EB00DF1B90 /* PremuimCardCell.swift */ = {isa = PBXFileReference; lastKnownFileType = sourcecode.swift; path = PremuimCardCell.swift; sourceTree = "<group>"; };
		6FCAAE332BCE74EB00DF1B90 /* PremuimCardCell.xib */ = {isa = PBXFileReference; lastKnownFileType = file.xib; path = PremuimCardCell.xib; sourceTree = "<group>"; };
		6FD1C63F2BD2249A009B9FED /* Third.storyboard */ = {isa = PBXFileReference; lastKnownFileType = file.storyboard; path = Third.storyboard; sourceTree = "<group>"; };
		6FD1C6412BD224EC009B9FED /* SettingsVC.swift */ = {isa = PBXFileReference; lastKnownFileType = sourcecode.swift; path = SettingsVC.swift; sourceTree = "<group>"; };
		6FD1C6432BD22E5E009B9FED /* LimitsVC.swift */ = {isa = PBXFileReference; lastKnownFileType = sourcecode.swift; path = LimitsVC.swift; sourceTree = "<group>"; };
		6FD1C6452BD22E6C009B9FED /* FeesVC.swift */ = {isa = PBXFileReference; lastKnownFileType = sourcecode.swift; path = FeesVC.swift; sourceTree = "<group>"; };
		6FD1C6472BD22E7D009B9FED /* AppAppearanceVC.swift */ = {isa = PBXFileReference; lastKnownFileType = sourcecode.swift; path = AppAppearanceVC.swift; sourceTree = "<group>"; };
		6FD1C64B2BD233E1009B9FED /* ChatWithUsVC.swift */ = {isa = PBXFileReference; lastKnownFileType = sourcecode.swift; path = ChatWithUsVC.swift; sourceTree = "<group>"; };
		6FD1C64D2BD23502009B9FED /* StandardVC.swift */ = {isa = PBXFileReference; lastKnownFileType = sourcecode.swift; path = StandardVC.swift; sourceTree = "<group>"; };
		6FD1C64F2BD23510009B9FED /* InviteFriendsVC.swift */ = {isa = PBXFileReference; lastKnownFileType = sourcecode.swift; path = InviteFriendsVC.swift; sourceTree = "<group>"; };
		6FE1203A2BC022B2009C6EE4 /* AppDelegate.swift */ = {isa = PBXFileReference; lastKnownFileType = sourcecode.swift; path = AppDelegate.swift; sourceTree = "<group>"; };
		6FE1203C2BC022B2009C6EE4 /* SceneDelegate.swift */ = {isa = PBXFileReference; lastKnownFileType = sourcecode.swift; path = SceneDelegate.swift; sourceTree = "<group>"; };
		6FE120412BC022B2009C6EE4 /* Base */ = {isa = PBXFileReference; lastKnownFileType = file.storyboard; name = Base; path = Base.lproj/Main.storyboard; sourceTree = "<group>"; };
		6FE120432BC022B4009C6EE4 /* Assets.xcassets */ = {isa = PBXFileReference; lastKnownFileType = folder.assetcatalog; path = Assets.xcassets; sourceTree = "<group>"; };
		6FE120462BC022B4009C6EE4 /* Base */ = {isa = PBXFileReference; lastKnownFileType = file.storyboard; name = Base; path = Base.lproj/LaunchScreen.storyboard; sourceTree = "<group>"; };
		6FE120482BC022B4009C6EE4 /* Info.plist */ = {isa = PBXFileReference; lastKnownFileType = text.plist.xml; path = Info.plist; sourceTree = "<group>"; };
		9CC6BE3ABF892FAE0F133C5D /* Pods-Telda.debug.xcconfig */ = {isa = PBXFileReference; includeInIndex = 1; lastKnownFileType = text.xcconfig; name = "Pods-Telda.debug.xcconfig"; path = "Target Support Files/Pods-Telda/Pods-Telda.debug.xcconfig"; sourceTree = "<group>"; };
/* End PBXFileReference section */

/* Begin PBXFrameworksBuildPhase section */
		6FE120342BC022B2009C6EE4 /* Frameworks */ = {
			isa = PBXFrameworksBuildPhase;
			buildActionMask = 2147483647;
			files = (
				0A3A56BF5BF50B82839E88B3 /* Pods_Telda.framework in Frameworks */,
			);
			runOnlyForDeploymentPostprocessing = 0;
		};
/* End PBXFrameworksBuildPhase section */

/* Begin PBXGroup section */
		34242DB8C6C8215FA4D49C3E /* Frameworks */ = {
			isa = PBXGroup;
			children = (
				0D018356D3FDD3F278954C63 /* Pods_Telda.framework */,
			);
			name = Frameworks;
			sourceTree = "<group>";
		};
		6F08A2072BC0346D00CFC08A /* Main VC's */ = {
			isa = PBXGroup;
			children = (
				6F08A2082BC0348E00CFC08A /* HomePageVC.swift */,
				6F08A20A2BC03CF100CFC08A /* SpacesVC.swift */,
				6F08A20C2BC03D0700CFC08A /* TransactionVC.swift */,
				6F08A20E2BC03D1400CFC08A /* CardVC.swift */,
				6F08A2102BC03D2200CFC08A /* MoreVC.swift */,
				6F80E5DB2BC05212006BCD24 /* UserProfileVC.swift */,
			);
			path = "Main VC's";
			sourceTree = "<group>";
		};
		6F08A2122BC03E3000CFC08A /* Custom Main Cells */ = {
			isa = PBXGroup;
			children = (
				6F23B2D22BC6CDBE00BD3458 /* AddSendInsightCell */,
				6F23B2D72BC6CDEC00BD3458 /* HomePageCell */,
				6FABD5C82BC9AC130009FB09 /* SpaceAddCollectionCell */,
				6FABD5C12BC9A1CD0009FB09 /* SpaceCollectionCell */,
				6FCAAE312BCE74A800DF1B90 /* PremuimCardCell */,
				6F13BDCC2BCE8A1300FDB311 /* CardCells */,
				6F227C2D2BD04CA400FF6C37 /* MoreCollectionCell */,
				6F8EB2B32BD1868C002D108A /* ProfileDetailsCollectionCell */,
				6F8EB2BC2BD19682002D108A /* ProfilePlanAndEarnCollectionCell */,
				6FD1C63B2BD2226C009B9FED /* ProfileUsageAndManageCell */,
			);
			path = "Custom Main Cells";
			sourceTree = "<group>";
		};
		6F13BDCC2BCE8A1300FDB311 /* CardCells */ = {
			isa = PBXGroup;
			children = (
				6F13BDCD2BCE8A5800FDB311 /* CardCells.swift */,
				6F13BDCE2BCE8A5800FDB311 /* LockCard.xib */,
				6F13BDD12BCE8E8A00FDB311 /* ResetPin.xib */,
				6F13BDD32BCE967400FDB311 /* GetNewCard.xib */,
			);
			path = CardCells;
			sourceTree = "<group>";
		};
		6F227C2D2BD04CA400FF6C37 /* MoreCollectionCell */ = {
			isa = PBXGroup;
			children = (
				6FBA02362BD0258200E7409D /* MoreCollectionViewCells.swift */,
				6FBA02372BD0258200E7409D /* MoreCollectionViewCells.xib */,
			);
			path = MoreCollectionCell;
			sourceTree = "<group>";
		};
		6F23B2C62BC4442A00BD3458 /* Secondary VC's */ = {
			isa = PBXGroup;
			children = (
				6F23B2C82BC444BA00BD3458 /* AddMoneyVC.swift */,
				6F23B2CE2BC4450900BD3458 /* InsightVC.swift */,
				6F23B2D92BC6F9A900BD3458 /* TransactionDetailsVC.swift */,
				6FABD5C62BC9AA8A0009FB09 /* WhatIsYourGoalVC.swift */,
				6FCAAE2D2BCB069E00DF1B90 /* RequestMoneyVC.swift */,
				6FCAAE2F2BCB06AF00DF1B90 /* SendMoneyVC.swift */,
				6F13BDD72BCE9CDA00FDB311 /* UpgradeCardVC.swift */,
				6F13BDDD2BCEA0F700FDB311 /* LockCardVC.swift */,
				6F13BDD92BCEA04500FDB311 /* ResetPinVC.swift */,
				6F13BDDB2BCEA05800FDB311 /* GetNewCardVC.swift */,
				6F8EB2AC2BD05005002D108A /* GiftDetailsVC.swift */,
			);
			path = "Secondary VC's";
			sourceTree = "<group>";
		};
		6F23B2C72BC4445F00BD3458 /* Views */ = {
			isa = PBXGroup;
			children = (
				6FE120402BC022B2009C6EE4 /* Main.storyboard */,
				6F23B2D02BC4478500BD3458 /* Secondary.storyboard */,
				6FD1C63F2BD2249A009B9FED /* Third.storyboard */,
			);
			path = Views;
			sourceTree = "<group>";
		};
		6F23B2D22BC6CDBE00BD3458 /* AddSendInsightCell */ = {
			isa = PBXGroup;
			children = (
				6F08A2132BC03F1E00CFC08A /* AddSendInsightCell.swift */,
				6F08A2142BC03F1E00CFC08A /* AddSendInsightCell.xib */,
			);
			path = AddSendInsightCell;
			sourceTree = "<group>";
		};
		6F23B2D72BC6CDEC00BD3458 /* HomePageCell */ = {
			isa = PBXGroup;
			children = (
				6F23B2D32BC6CDD900BD3458 /* HomePageCell.swift */,
				6F23B2D42BC6CDD900BD3458 /* HomePageCell.xib */,
			);
			path = HomePageCell;
			sourceTree = "<group>";
		};
		6F23B2D82BC6F5CE00BD3458 /* Haders&Footers */ = {
			isa = PBXGroup;
			children = (
				6F8EB2BD2BD199D1002D108A /* MoreHeader */,
				6F8EB2C22BD19E27002D108A /* ProfileHeader */,
			);
			path = "Haders&Footers";
			sourceTree = "<group>";
		};
		6F8EB2AE2BD051F9002D108A /* Custom Secondary Cells */ = {
			isa = PBXGroup;
			children = (
			);
			path = "Custom Secondary Cells";
			sourceTree = "<group>";
		};
		6F8EB2B32BD1868C002D108A /* ProfileDetailsCollectionCell */ = {
			isa = PBXGroup;
			children = (
				6F8EB2AF2BD17FC6002D108A /* ProfileDetailsCollectionCell.swift */,
				6F8EB2B02BD17FC6002D108A /* ProfileDetailsCollectionCell.xib */,
			);
			path = ProfileDetailsCollectionCell;
			sourceTree = "<group>";
		};
		6F8EB2BC2BD19682002D108A /* ProfilePlanAndEarnCollectionCell */ = {
			isa = PBXGroup;
			children = (
				6F8EB2B42BD186F1002D108A /* ProfilePlanAndEarnCollectionCell.swift */,
				6F8EB2B52BD186F1002D108A /* ProfilePlanAndEarnCollectionCell.xib */,
			);
			path = ProfilePlanAndEarnCollectionCell;
			sourceTree = "<group>";
		};
		6F8EB2BD2BD199D1002D108A /* MoreHeader */ = {
			isa = PBXGroup;
			children = (
				6F227C292BD0478500FF6C37 /* MoreHeader.swift */,
				6F227C2A2BD0478500FF6C37 /* MoreHeader.xib */,
			);
			path = MoreHeader;
			sourceTree = "<group>";
		};
		6F8EB2C22BD19E27002D108A /* ProfileHeader */ = {
			isa = PBXGroup;
			children = (
				6F8EB2BE2BD199F8002D108A /* ProfileHeader.swift */,
				6F8EB2BF2BD199F8002D108A /* ProfileHeader.xib */,
			);
			path = ProfileHeader;
			sourceTree = "<group>";
		};
		6FABD5C12BC9A1CD0009FB09 /* SpaceCollectionCell */ = {
			isa = PBXGroup;
			children = (
				6F3F06CB2BC83E9B00AAC6C7 /* SpacesCollectionCell.swift */,
				6FABD5C32BC9A2130009FB09 /* SpacesCollectionCell.xib */,
			);
			path = SpaceCollectionCell;
			sourceTree = "<group>";
		};
		6FABD5C82BC9AC130009FB09 /* SpaceAddCollectionCell */ = {
			isa = PBXGroup;
			children = (
				6FABD5C22BC9A2130009FB09 /* SpaceAddCollectionCell.swift */,
				6F3F06CC2BC83E9B00AAC6C7 /* SpaceAddCollectionCell.xib */,
			);
			path = SpaceAddCollectionCell;
			sourceTree = "<group>";
		};
		6FCAAE312BCE74A800DF1B90 /* PremuimCardCell */ = {
			isa = PBXGroup;
			children = (
				6FCAAE322BCE74EB00DF1B90 /* PremuimCardCell.swift */,
				6FCAAE332BCE74EB00DF1B90 /* PremuimCardCell.xib */,
				6F8EB2B82BD192EA002D108A /* PremuimCardCellForCollection.swift */,
				6F8EB2B92BD192EA002D108A /* PremuimCardCellForCollection.xib */,
			);
			path = PremuimCardCell;
			sourceTree = "<group>";
		};
		6FD1C63B2BD2226C009B9FED /* ProfileUsageAndManageCell */ = {
			isa = PBXGroup;
			children = (
				6F8EB2C32BD19E8C002D108A /* ProfileUsageAndManageCell.swift */,
				6F8EB2C42BD19E8C002D108A /* ProfileUsageAndManageCell.xib */,
			);
			path = ProfileUsageAndManageCell;
			sourceTree = "<group>";
		};
		6FD1C63C2BD223FB009B9FED /* Third VC's */ = {
			isa = PBXGroup;
			children = (
				6FD1C64D2BD23502009B9FED /* StandardVC.swift */,
				6FD1C64F2BD23510009B9FED /* InviteFriendsVC.swift */,
				6FD1C6432BD22E5E009B9FED /* LimitsVC.swift */,
				6FD1C6452BD22E6C009B9FED /* FeesVC.swift */,
				6FD1C6472BD22E7D009B9FED /* AppAppearanceVC.swift */,
				6FD1C6412BD224EC009B9FED /* SettingsVC.swift */,
				6FD1C64B2BD233E1009B9FED /* ChatWithUsVC.swift */,
			);
			path = "Third VC's";
			sourceTree = "<group>";
		};
		6FE1202E2BC022B2009C6EE4 = {
			isa = PBXGroup;
			children = (
				6FE120392BC022B2009C6EE4 /* Telda */,
				6F23B2C52BC437BC00BD3458 /* Telda.app */,
				7DB81C254DFE331C55F266E7 /* Pods */,
				34242DB8C6C8215FA4D49C3E /* Frameworks */,
			);
			sourceTree = "<group>";
		};
		6FE120392BC022B2009C6EE4 /* Telda */ = {
			isa = PBXGroup;
			children = (
				6FE1204E2BC0232E009C6EE4 /* Supporting files */,
				6F23B2D82BC6F5CE00BD3458 /* Haders&Footers */,
				6F08A2122BC03E3000CFC08A /* Custom Main Cells */,
				6F8EB2AE2BD051F9002D108A /* Custom Secondary Cells */,
				6F08A2072BC0346D00CFC08A /* Main VC's */,
				6F23B2C62BC4442A00BD3458 /* Secondary VC's */,
				6FD1C63C2BD223FB009B9FED /* Third VC's */,
				6F23B2C72BC4445F00BD3458 /* Views */,
				6FE120432BC022B4009C6EE4 /* Assets.xcassets */,
				6FE120452BC022B4009C6EE4 /* LaunchScreen.storyboard */,
				6FE120482BC022B4009C6EE4 /* Info.plist */,
			);
			path = Telda;
			sourceTree = "<group>";
		};
		6FE1204E2BC0232E009C6EE4 /* Supporting files */ = {
			isa = PBXGroup;
			children = (
				6FE1203A2BC022B2009C6EE4 /* AppDelegate.swift */,
				6FE1203C2BC022B2009C6EE4 /* SceneDelegate.swift */,
				6F80E5E62BC431D7006BCD24 /* BlurText.swift */,
			);
			path = "Supporting files";
			sourceTree = "<group>";
		};
		7DB81C254DFE331C55F266E7 /* Pods */ = {
			isa = PBXGroup;
			children = (
				9CC6BE3ABF892FAE0F133C5D /* Pods-Telda.debug.xcconfig */,
				46ABA392EE074F6AE4470418 /* Pods-Telda.release.xcconfig */,
			);
			path = Pods;
			sourceTree = "<group>";
		};
/* End PBXGroup section */

/* Begin PBXNativeTarget section */
		6FE120362BC022B2009C6EE4 /* Telda */ = {
			isa = PBXNativeTarget;
			buildConfigurationList = 6FE1204B2BC022B4009C6EE4 /* Build configuration list for PBXNativeTarget "Telda" */;
			buildPhases = (
				8E043FF2839E7B1FD9C637EA /* [CP] Check Pods Manifest.lock */,
				6FE120332BC022B2009C6EE4 /* Sources */,
				6FE120342BC022B2009C6EE4 /* Frameworks */,
				6FE120352BC022B2009C6EE4 /* Resources */,
			);
			buildRules = (
			);
			dependencies = (
			);
			name = Telda;
			productName = Telda;
			productReference = 6F23B2C52BC437BC00BD3458 /* Telda.app */;
			productType = "com.apple.product-type.application";
		};
/* End PBXNativeTarget section */

/* Begin PBXProject section */
		6FE1202F2BC022B2009C6EE4 /* Project object */ = {
			isa = PBXProject;
			attributes = {
				BuildIndependentTargetsInParallel = 1;
				LastSwiftUpdateCheck = 1530;
				LastUpgradeCheck = 1530;
				TargetAttributes = {
					6FE120362BC022B2009C6EE4 = {
						CreatedOnToolsVersion = 15.3;
					};
				};
			};
			buildConfigurationList = 6FE120322BC022B2009C6EE4 /* Build configuration list for PBXProject "Telda" */;
			compatibilityVersion = "Xcode 14.0";
			developmentRegion = en;
			hasScannedForEncodings = 0;
			knownRegions = (
				en,
				Base,
			);
			mainGroup = 6FE1202E2BC022B2009C6EE4;
			productRefGroup = 6FE1202E2BC022B2009C6EE4;
			projectDirPath = "";
			projectRoot = "";
			targets = (
				6FE120362BC022B2009C6EE4 /* Telda */,
			);
		};
/* End PBXProject section */

/* Begin PBXResourcesBuildPhase section */
		6FE120352BC022B2009C6EE4 /* Resources */ = {
			isa = PBXResourcesBuildPhase;
			buildActionMask = 2147483647;
			files = (
				6F8EB2B22BD17FC6002D108A /* ProfileDetailsCollectionCell.xib in Resources */,
				6F3F06CE2BC83E9B00AAC6C7 /* SpaceAddCollectionCell.xib in Resources */,
				6F8EB2C12BD199F8002D108A /* ProfileHeader.xib in Resources */,
				6F13BDD02BCE8A5800FDB311 /* LockCard.xib in Resources */,
				6F23B2D12BC4478500BD3458 /* Secondary.storyboard in Resources */,
				6F227C2B2BD0478500FF6C37 /* MoreHeader.xib in Resources */,
				6F13BDD42BCE967400FDB311 /* GetNewCard.xib in Resources */,
				6F8EB2B72BD186F1002D108A /* ProfilePlanAndEarnCollectionCell.xib in Resources */,
				6F08A2162BC03F1E00CFC08A /* AddSendInsightCell.xib in Resources */,
				6FE120442BC022B4009C6EE4 /* Assets.xcassets in Resources */,
				6FD1C6402BD2249A009B9FED /* Third.storyboard in Resources */,
				6FCAAE352BCE74EB00DF1B90 /* PremuimCardCell.xib in Resources */,
				6FABD5C52BC9A2130009FB09 /* SpacesCollectionCell.xib in Resources */,
				6FE120472BC022B4009C6EE4 /* Base in Resources */,
				6FE120422BC022B2009C6EE4 /* Base in Resources */,
				6F8EB2C62BD19E8C002D108A /* ProfileUsageAndManageCell.xib in Resources */,
				6FBA02382BD0258200E7409D /* MoreCollectionViewCells.xib in Resources */,
				6F8EB2BB2BD192EA002D108A /* PremuimCardCellForCollection.xib in Resources */,
				6F13BDD22BCE8E8A00FDB311 /* ResetPin.xib in Resources */,
				6F23B2D62BC6CDD900BD3458 /* HomePageCell.xib in Resources */,
			);
			runOnlyForDeploymentPostprocessing = 0;
		};
/* End PBXResourcesBuildPhase section */

/* Begin PBXShellScriptBuildPhase section */
		8E043FF2839E7B1FD9C637EA /* [CP] Check Pods Manifest.lock */ = {
			isa = PBXShellScriptBuildPhase;
			buildActionMask = 2147483647;
			files = (
			);
			inputFileListPaths = (
			);
			inputPaths = (
				"${PODS_PODFILE_DIR_PATH}/Podfile.lock",
				"${PODS_ROOT}/Manifest.lock",
			);
			name = "[CP] Check Pods Manifest.lock";
			outputFileListPaths = (
			);
			outputPaths = (
				"$(DERIVED_FILE_DIR)/Pods-Telda-checkManifestLockResult.txt",
			);
			runOnlyForDeploymentPostprocessing = 0;
			shellPath = /bin/sh;
			shellScript = "diff \"${PODS_PODFILE_DIR_PATH}/Podfile.lock\" \"${PODS_ROOT}/Manifest.lock\" > /dev/null\nif [ $? != 0 ] ; then\n    # print error to STDERR\n    echo \"error: The sandbox is not in sync with the Podfile.lock. Run 'pod install' or update your CocoaPods installation.\" >&2\n    exit 1\nfi\n# This output is used by Xcode 'outputs' to avoid re-running this script phase.\necho \"SUCCESS\" > \"${SCRIPT_OUTPUT_FILE_0}\"\n";
			showEnvVarsInLog = 0;
		};
/* End PBXShellScriptBuildPhase section */

/* Begin PBXSourcesBuildPhase section */
		6FE120332BC022B2009C6EE4 /* Sources */ = {
			isa = PBXSourcesBuildPhase;
			buildActionMask = 2147483647;
			files = (
				6F08A20F2BC03D1400CFC08A /* CardVC.swift in Sources */,
				6FE1203B2BC022B2009C6EE4 /* AppDelegate.swift in Sources */,
				6F13BDDA2BCEA04500FDB311 /* ResetPinVC.swift in Sources */,
				6F08A20B2BC03CF100CFC08A /* SpacesVC.swift in Sources */,
				6F80E5DC2BC05212006BCD24 /* UserProfileVC.swift in Sources */,
				6F23B2DA2BC6F9A900BD3458 /* TransactionDetailsVC.swift in Sources */,
				6F8EB2B62BD186F1002D108A /* ProfilePlanAndEarnCollectionCell.swift in Sources */,
				6FCAAE342BCE74EB00DF1B90 /* PremuimCardCell.swift in Sources */,
				6F8EB2C02BD199F8002D108A /* ProfileHeader.swift in Sources */,
				6F08A2112BC03D2200CFC08A /* MoreVC.swift in Sources */,
				6FD1C6442BD22E5E009B9FED /* LimitsVC.swift in Sources */,
				6F8EB2B12BD17FC6002D108A /* ProfileDetailsCollectionCell.swift in Sources */,
				6F23B2CF2BC4450900BD3458 /* InsightVC.swift in Sources */,
				6FD1C6482BD22E7D009B9FED /* AppAppearanceVC.swift in Sources */,
				6F80E5E72BC431D7006BCD24 /* BlurText.swift in Sources */,
				6F13BDDC2BCEA05800FDB311 /* GetNewCardVC.swift in Sources */,
				6F8EB2BA2BD192EA002D108A /* PremuimCardCellForCollection.swift in Sources */,
				6F227C2C2BD0478500FF6C37 /* MoreHeader.swift in Sources */,
				6FBA02392BD0258200E7409D /* MoreCollectionViewCells.swift in Sources */,
				6FD1C6502BD23510009B9FED /* InviteFriendsVC.swift in Sources */,
				6FD1C6422BD224EC009B9FED /* SettingsVC.swift in Sources */,
				6FABD5C72BC9AA8A0009FB09 /* WhatIsYourGoalVC.swift in Sources */,
				6F08A2152BC03F1E00CFC08A /* AddSendInsightCell.swift in Sources */,
				6FD1C64E2BD23502009B9FED /* StandardVC.swift in Sources */,
				6F8EB2C52BD19E8C002D108A /* ProfileUsageAndManageCell.swift in Sources */,
				6FCAAE2E2BCB069E00DF1B90 /* RequestMoneyVC.swift in Sources */,
				6FD1C6462BD22E6C009B9FED /* FeesVC.swift in Sources */,
				6F13BDCF2BCE8A5800FDB311 /* CardCells.swift in Sources */,
				6F13BDD82BCE9CDA00FDB311 /* UpgradeCardVC.swift in Sources */,
				6F3F06CD2BC83E9B00AAC6C7 /* SpacesCollectionCell.swift in Sources */,
				6FD1C64C2BD233E1009B9FED /* ChatWithUsVC.swift in Sources */,
				6FE1203D2BC022B2009C6EE4 /* SceneDelegate.swift in Sources */,
				6F08A20D2BC03D0700CFC08A /* TransactionVC.swift in Sources */,
				6FABD5C42BC9A2130009FB09 /* SpaceAddCollectionCell.swift in Sources */,
				6F23B2D52BC6CDD900BD3458 /* HomePageCell.swift in Sources */,
				6F08A2092BC0348E00CFC08A /* HomePageVC.swift in Sources */,
				6F23B2CA2BC444BA00BD3458 /* AddMoneyVC.swift in Sources */,
				6FCAAE302BCB06AF00DF1B90 /* SendMoneyVC.swift in Sources */,
				6F13BDDE2BCEA0F700FDB311 /* LockCardVC.swift in Sources */,
				6F8EB2AD2BD05005002D108A /* GiftDetailsVC.swift in Sources */,
			);
			runOnlyForDeploymentPostprocessing = 0;
		};
/* End PBXSourcesBuildPhase section */

/* Begin PBXVariantGroup section */
		6FE120402BC022B2009C6EE4 /* Main.storyboard */ = {
			isa = PBXVariantGroup;
			children = (
				6FE120412BC022B2009C6EE4 /* Base */,
			);
			name = Main.storyboard;
			sourceTree = "<group>";
		};
		6FE120452BC022B4009C6EE4 /* LaunchScreen.storyboard */ = {
			isa = PBXVariantGroup;
			children = (
				6FE120462BC022B4009C6EE4 /* Base */,
			);
			name = LaunchScreen.storyboard;
			sourceTree = "<group>";
		};
/* End PBXVariantGroup section */

/* Begin XCBuildConfiguration section */
		6FE120492BC022B4009C6EE4 /* Debug */ = {
			isa = XCBuildConfiguration;
			buildSettings = {
				ALWAYS_SEARCH_USER_PATHS = NO;
				ASSETCATALOG_COMPILER_GENERATE_SWIFT_ASSET_SYMBOL_EXTENSIONS = YES;
				CLANG_ANALYZER_NONNULL = YES;
				CLANG_ANALYZER_NUMBER_OBJECT_CONVERSION = YES_AGGRESSIVE;
				CLANG_CXX_LANGUAGE_STANDARD = "gnu++20";
				CLANG_ENABLE_MODULES = YES;
				CLANG_ENABLE_OBJC_ARC = YES;
				CLANG_ENABLE_OBJC_WEAK = YES;
				CLANG_WARN_BLOCK_CAPTURE_AUTORELEASING = YES;
				CLANG_WARN_BOOL_CONVERSION = YES;
				CLANG_WARN_COMMA = YES;
				CLANG_WARN_CONSTANT_CONVERSION = YES;
				CLANG_WARN_DEPRECATED_OBJC_IMPLEMENTATIONS = YES;
				CLANG_WARN_DIRECT_OBJC_ISA_USAGE = YES_ERROR;
				CLANG_WARN_DOCUMENTATION_COMMENTS = YES;
				CLANG_WARN_EMPTY_BODY = YES;
				CLANG_WARN_ENUM_CONVERSION = YES;
				CLANG_WARN_INFINITE_RECURSION = YES;
				CLANG_WARN_INT_CONVERSION = YES;
				CLANG_WARN_NON_LITERAL_NULL_CONVERSION = YES;
				CLANG_WARN_OBJC_IMPLICIT_RETAIN_SELF = YES;
				CLANG_WARN_OBJC_LITERAL_CONVERSION = YES;
				CLANG_WARN_OBJC_ROOT_CLASS = YES_ERROR;
				CLANG_WARN_QUOTED_INCLUDE_IN_FRAMEWORK_HEADER = YES;
				CLANG_WARN_RANGE_LOOP_ANALYSIS = YES;
				CLANG_WARN_STRICT_PROTOTYPES = YES;
				CLANG_WARN_SUSPICIOUS_MOVE = YES;
				CLANG_WARN_UNGUARDED_AVAILABILITY = YES_AGGRESSIVE;
				CLANG_WARN_UNREACHABLE_CODE = YES;
				CLANG_WARN__DUPLICATE_METHOD_MATCH = YES;
				COPY_PHASE_STRIP = NO;
				DEBUG_INFORMATION_FORMAT = dwarf;
				ENABLE_STRICT_OBJC_MSGSEND = YES;
				ENABLE_TESTABILITY = YES;
				ENABLE_USER_SCRIPT_SANDBOXING = YES;
				GCC_C_LANGUAGE_STANDARD = gnu17;
				GCC_DYNAMIC_NO_PIC = NO;
				GCC_NO_COMMON_BLOCKS = YES;
				GCC_OPTIMIZATION_LEVEL = 0;
				GCC_PREPROCESSOR_DEFINITIONS = (
					"DEBUG=1",
					"$(inherited)",
				);
				GCC_WARN_64_TO_32_BIT_CONVERSION = YES;
				GCC_WARN_ABOUT_RETURN_TYPE = YES_ERROR;
				GCC_WARN_UNDECLARED_SELECTOR = YES;
				GCC_WARN_UNINITIALIZED_AUTOS = YES_AGGRESSIVE;
				GCC_WARN_UNUSED_FUNCTION = YES;
				GCC_WARN_UNUSED_VARIABLE = YES;
				IPHONEOS_DEPLOYMENT_TARGET = 17.0;
				LOCALIZATION_PREFERS_STRING_CATALOGS = YES;
				MTL_ENABLE_DEBUG_INFO = INCLUDE_SOURCE;
				MTL_FAST_MATH = YES;
				ONLY_ACTIVE_ARCH = YES;
				SDKROOT = iphoneos;
				SWIFT_ACTIVE_COMPILATION_CONDITIONS = "DEBUG $(inherited)";
				SWIFT_OPTIMIZATION_LEVEL = "-Onone";
			};
			name = Debug;
		};
		6FE1204A2BC022B4009C6EE4 /* Release */ = {
			isa = XCBuildConfiguration;
			buildSettings = {
				ALWAYS_SEARCH_USER_PATHS = NO;
				ASSETCATALOG_COMPILER_GENERATE_SWIFT_ASSET_SYMBOL_EXTENSIONS = YES;
				CLANG_ANALYZER_NONNULL = YES;
				CLANG_ANALYZER_NUMBER_OBJECT_CONVERSION = YES_AGGRESSIVE;
				CLANG_CXX_LANGUAGE_STANDARD = "gnu++20";
				CLANG_ENABLE_MODULES = YES;
				CLANG_ENABLE_OBJC_ARC = YES;
				CLANG_ENABLE_OBJC_WEAK = YES;
				CLANG_WARN_BLOCK_CAPTURE_AUTORELEASING = YES;
				CLANG_WARN_BOOL_CONVERSION = YES;
				CLANG_WARN_COMMA = YES;
				CLANG_WARN_CONSTANT_CONVERSION = YES;
				CLANG_WARN_DEPRECATED_OBJC_IMPLEMENTATIONS = YES;
				CLANG_WARN_DIRECT_OBJC_ISA_USAGE = YES_ERROR;
				CLANG_WARN_DOCUMENTATION_COMMENTS = YES;
				CLANG_WARN_EMPTY_BODY = YES;
				CLANG_WARN_ENUM_CONVERSION = YES;
				CLANG_WARN_INFINITE_RECURSION = YES;
				CLANG_WARN_INT_CONVERSION = YES;
				CLANG_WARN_NON_LITERAL_NULL_CONVERSION = YES;
				CLANG_WARN_OBJC_IMPLICIT_RETAIN_SELF = YES;
				CLANG_WARN_OBJC_LITERAL_CONVERSION = YES;
				CLANG_WARN_OBJC_ROOT_CLASS = YES_ERROR;
				CLANG_WARN_QUOTED_INCLUDE_IN_FRAMEWORK_HEADER = YES;
				CLANG_WARN_RANGE_LOOP_ANALYSIS = YES;
				CLANG_WARN_STRICT_PROTOTYPES = YES;
				CLANG_WARN_SUSPICIOUS_MOVE = YES;
				CLANG_WARN_UNGUARDED_AVAILABILITY = YES_AGGRESSIVE;
				CLANG_WARN_UNREACHABLE_CODE = YES;
				CLANG_WARN__DUPLICATE_METHOD_MATCH = YES;
				COPY_PHASE_STRIP = NO;
				DEBUG_INFORMATION_FORMAT = "dwarf-with-dsym";
				ENABLE_NS_ASSERTIONS = NO;
				ENABLE_STRICT_OBJC_MSGSEND = YES;
				ENABLE_USER_SCRIPT_SANDBOXING = YES;
				GCC_C_LANGUAGE_STANDARD = gnu17;
				GCC_NO_COMMON_BLOCKS = YES;
				GCC_WARN_64_TO_32_BIT_CONVERSION = YES;
				GCC_WARN_ABOUT_RETURN_TYPE = YES_ERROR;
				GCC_WARN_UNDECLARED_SELECTOR = YES;
				GCC_WARN_UNINITIALIZED_AUTOS = YES_AGGRESSIVE;
				GCC_WARN_UNUSED_FUNCTION = YES;
				GCC_WARN_UNUSED_VARIABLE = YES;
				IPHONEOS_DEPLOYMENT_TARGET = 17.0;
				LOCALIZATION_PREFERS_STRING_CATALOGS = YES;
				MTL_ENABLE_DEBUG_INFO = NO;
				MTL_FAST_MATH = YES;
				SDKROOT = iphoneos;
				SWIFT_COMPILATION_MODE = wholemodule;
				VALIDATE_PRODUCT = YES;
			};
			name = Release;
		};
		6FE1204C2BC022B4009C6EE4 /* Debug */ = {
			isa = XCBuildConfiguration;
			baseConfigurationReference = 9CC6BE3ABF892FAE0F133C5D /* Pods-Telda.debug.xcconfig */;
			buildSettings = {
				ASSETCATALOG_COMPILER_APPICON_NAME = AppIcon;
				ASSETCATALOG_COMPILER_GLOBAL_ACCENT_COLOR_NAME = AccentColor;
				CODE_SIGN_STYLE = Automatic;
				CURRENT_PROJECT_VERSION = 1;
				DEVELOPMENT_TEAM = WJSLF3ZXXK;
				GENERATE_INFOPLIST_FILE = YES;
				INFOPLIST_FILE = Telda/Info.plist;
				INFOPLIST_KEY_CFBundleDisplayName = Telda;
				INFOPLIST_KEY_LSApplicationCategoryType = "public.app-category.business";
				INFOPLIST_KEY_UIApplicationSupportsIndirectInputEvents = YES;
				INFOPLIST_KEY_UILaunchStoryboardName = LaunchScreen;
				INFOPLIST_KEY_UIMainStoryboardFile = Main;
				INFOPLIST_KEY_UISupportedInterfaceOrientations_iPad = "UIInterfaceOrientationPortrait UIInterfaceOrientationPortraitUpsideDown UIInterfaceOrientationLandscapeLeft UIInterfaceOrientationLandscapeRight";
				INFOPLIST_KEY_UISupportedInterfaceOrientations_iPhone = "UIInterfaceOrientationPortrait UIInterfaceOrientationLandscapeLeft UIInterfaceOrientationLandscapeRight";
				IPHONEOS_DEPLOYMENT_TARGET = 16.0;
				LD_RUNPATH_SEARCH_PATHS = (
					"$(inherited)",
					"@executable_path/Frameworks",
				);
				MARKETING_VERSION = 1.0;
				PRODUCT_BUNDLE_IDENTIFIER = test.Telda;
				PRODUCT_NAME = "$(TARGET_NAME)";
				SWIFT_EMIT_LOC_STRINGS = YES;
				SWIFT_VERSION = 5.0;
				TARGETED_DEVICE_FAMILY = "1,2";
			};
			name = Debug;
		};
		6FE1204D2BC022B4009C6EE4 /* Release */ = {
			isa = XCBuildConfiguration;
			baseConfigurationReference = 46ABA392EE074F6AE4470418 /* Pods-Telda.release.xcconfig */;
			buildSettings = {
				ASSETCATALOG_COMPILER_APPICON_NAME = AppIcon;
				ASSETCATALOG_COMPILER_GLOBAL_ACCENT_COLOR_NAME = AccentColor;
				CODE_SIGN_STYLE = Automatic;
				CURRENT_PROJECT_VERSION = 1;
				DEVELOPMENT_TEAM = WJSLF3ZXXK;
				GENERATE_INFOPLIST_FILE = YES;
				INFOPLIST_FILE = Telda/Info.plist;
				INFOPLIST_KEY_CFBundleDisplayName = Telda;
				INFOPLIST_KEY_LSApplicationCategoryType = "public.app-category.business";
				INFOPLIST_KEY_UIApplicationSupportsIndirectInputEvents = YES;
				INFOPLIST_KEY_UILaunchStoryboardName = LaunchScreen;
				INFOPLIST_KEY_UIMainStoryboardFile = Main;
				INFOPLIST_KEY_UISupportedInterfaceOrientations_iPad = "UIInterfaceOrientationPortrait UIInterfaceOrientationPortraitUpsideDown UIInterfaceOrientationLandscapeLeft UIInterfaceOrientationLandscapeRight";
				INFOPLIST_KEY_UISupportedInterfaceOrientations_iPhone = "UIInterfaceOrientationPortrait UIInterfaceOrientationLandscapeLeft UIInterfaceOrientationLandscapeRight";
				IPHONEOS_DEPLOYMENT_TARGET = 16.0;
				LD_RUNPATH_SEARCH_PATHS = (
					"$(inherited)",
					"@executable_path/Frameworks",
				);
				MARKETING_VERSION = 1.0;
				PRODUCT_BUNDLE_IDENTIFIER = test.Telda;
				PRODUCT_NAME = "$(TARGET_NAME)";
				SWIFT_EMIT_LOC_STRINGS = YES;
				SWIFT_VERSION = 5.0;
				TARGETED_DEVICE_FAMILY = "1,2";
			};
			name = Release;
		};
/* End XCBuildConfiguration section */

/* Begin XCConfigurationList section */
		6FE120322BC022B2009C6EE4 /* Build configuration list for PBXProject "Telda" */ = {
			isa = XCConfigurationList;
			buildConfigurations = (
				6FE120492BC022B4009C6EE4 /* Debug */,
				6FE1204A2BC022B4009C6EE4 /* Release */,
			);
			defaultConfigurationIsVisible = 0;
			defaultConfigurationName = Release;
		};
		6FE1204B2BC022B4009C6EE4 /* Build configuration list for PBXNativeTarget "Telda" */ = {
			isa = XCConfigurationList;
			buildConfigurations = (
				6FE1204C2BC022B4009C6EE4 /* Debug */,
				6FE1204D2BC022B4009C6EE4 /* Release */,
			);
			defaultConfigurationIsVisible = 0;
			defaultConfigurationName = Release;
		};
/* End XCConfigurationList section */
	};
	rootObject = 6FE1202F2BC022B2009C6EE4 /* Project object */;
}
